<?xml version="1.0" encoding="utf-8"?>
<Project ToolsVersion="4.0" xmlns="http://schemas.microsoft.com/developer/msbuild/2003">
  <ItemGroup>
    <Filter Include="Source Files">
      <UniqueIdentifier>{4FC737F1-C7A5-4376-A066-2A32D752A2FF}</UniqueIdentifier>
      <Extensions>cpp;c;cc;cxx;def;odl;idl;hpj;bat;asm;asmx</Extensions>
    </Filter>
    <Filter Include="Header Files">
      <UniqueIdentifier>{93995380-89BD-4b04-88EB-625FBE52EBFB}</UniqueIdentifier>
      <Extensions>h;hh;hpp;hxx;hm;inl;inc;xsd</Extensions>
    </Filter>
    <Filter Include="Header Files\arm">
      <UniqueIdentifier>{5a3384fd-e44a-4e39-84bd-681ce259c6dc}</UniqueIdentifier>
    </Filter>
    <Filter Include="Header Files\core">
      <UniqueIdentifier>{e13fe7bb-8e82-4609-872d-fcfefa30a0bb}</UniqueIdentifier>
    </Filter>
    <Filter Include="Header Files\x86">
      <UniqueIdentifier>{54c2c269-947a-42eb-b18d-bab252d748a5}</UniqueIdentifier>
    </Filter>
    <Filter Include="Source Files\core">
      <UniqueIdentifier>{9ff8082d-39d7-47e5-bac3-d611bd5d3037}</UniqueIdentifier>
    </Filter>
    <Filter Include="Source Files\x86">
      <UniqueIdentifier>{cc7a221d-b7b4-42af-a56a-84d533e138d0}</UniqueIdentifier>
    </Filter>
  </ItemGroup>
  <ItemGroup>
    <ClInclude Include="asmjit.h">
      <Filter>Header Files</Filter>
    </ClInclude>
    <ClInclude Include="asmjit-scope-begin.h">
      <Filter>Header Files</Filter>
    </ClInclude>
    <ClInclude Include="asmjit-scope-end.h">
      <Filter>Header Files</Filter>
    </ClInclude>
    <ClInclude Include="core.h">
      <Filter>Header Files</Filter>
    </ClInclude>
    <ClInclude Include="x86.h">
      <Filter>Header Files</Filter>
    </ClInclude>
    <ClInclude Include="x86\x86archtraits_p.h">
      <Filter>Header Files\x86</Filter>
    </ClInclude>
    <ClInclude Include="x86\x86assembler.h">
      <Filter>Header Files\x86</Filter>
    </ClInclude>
    <ClInclude Include="x86\X86BufferWriter.h">
      <Filter>Header Files\x86</Filter>
    </ClInclude>
    <ClInclude Include="x86\x86emitter.h">
      <Filter>Header Files\x86</Filter>
    </ClInclude>
    <ClInclude Include="x86\x86globals.h">
      <Filter>Header Files\x86</Filter>
    </ClInclude>
    <ClInclude Include="x86\x86operand.h">
      <Filter>Header Files\x86</Filter>
    </ClInclude>
    <ClInclude Include="core\api-build_p.h">
      <Filter>Header Files\core</Filter>
    </ClInclude>
    <ClInclude Include="core\api-config.h">
      <Filter>Header Files\core</Filter>
    </ClInclude>
    <ClInclude Include="core\archtraits.h">
      <Filter>Header Files\core</Filter>
    </ClInclude>
    <ClInclude Include="core\assembler.h">
      <Filter>Header Files\core</Filter>
    </ClInclude>
    <ClInclude Include="core\codebuffer.h">
      <Filter>Header Files\core</Filter>
    </ClInclude>
    <ClInclude Include="core\codeholder.h">
      <Filter>Header Files\core</Filter>
    </ClInclude>
    <ClInclude Include="core\codewriter_p.h">
      <Filter>Header Files\core</Filter>
    </ClInclude>
    <ClInclude Include="core\emitter.h">
      <Filter>Header Files\core</Filter>
    </ClInclude>
    <ClInclude Include="core\emitterutils_p.h">
      <Filter>Header Files\core</Filter>
    </ClInclude>
    <ClInclude Include="core\environment.h">
      <Filter>Header Files\core</Filter>
    </ClInclude>
    <ClInclude Include="core\errorhandler.h">
      <Filter>Header Files\core</Filter>
    </ClInclude>
    <ClInclude Include="core\formatter.h">
      <Filter>Header Files\core</Filter>
    </ClInclude>
    <ClInclude Include="core\formatter_p.h">
      <Filter>Header Files\core</Filter>
    </ClInclude>
    <ClInclude Include="core\globals.h">
      <Filter>Header Files\core</Filter>
    </ClInclude>
    <ClInclude Include="core\inst.h">
      <Filter>Header Files\core</Filter>
    </ClInclude>
    <ClInclude Include="core\logger.h">
      <Filter>Header Files\core</Filter>
    </ClInclude>
    <ClInclude Include="core\misc_p.h">
      <Filter>Header Files\core</Filter>
    </ClInclude>
    <ClInclude Include="core\operand.h">
      <Filter>Header Files\core</Filter>
    </ClInclude>
    <ClInclude Include="core\string.h">
      <Filter>Header Files\core</Filter>
    </ClInclude>
    <ClInclude Include="core\support.h">
      <Filter>Header Files\core</Filter>
    </ClInclude>
    <ClInclude Include="core\type.h">
      <Filter>Header Files\core</Filter>
    </ClInclude>
    <ClInclude Include="core\zone.h">
      <Filter>Header Files\core</Filter>
    </ClInclude>
    <ClInclude Include="core\zonehash.h">
      <Filter>Header Files\core</Filter>
    </ClInclude>
    <ClInclude Include="core\zonestring.h">
      <Filter>Header Files\core</Filter>
    </ClInclude>
    <ClInclude Include="core\zonetree.h">
      <Filter>Header Files\core</Filter>
    </ClInclude>
    <ClInclude Include="core\zonevector.h">
      <Filter>Header Files\core</Filter>
    </ClInclude>
    <ClInclude Include="arm\a64archtraits_p.h">
      <Filter>Header Files\arm</Filter>
    </ClInclude>
  </ItemGroup>
  <ItemGroup>
    <ClCompile Include="core\archtraits.cpp">
      <Filter>Source Files\core</Filter>
    </ClCompile>
    <ClCompile Include="core\assembler.cpp">
      <Filter>Source Files\core</Filter>
    </ClCompile>
    <ClCompile Include="core\codeholder.cpp">
      <Filter>Source Files\core</Filter>
    </ClCompile>
    <ClCompile Include="core\codewriter.cpp">
      <Filter>Source Files\core</Filter>
    </ClCompile>
    <ClCompile Include="core\emitter.cpp">
      <Filter>Source Files\core</Filter>
    </ClCompile>
    <ClCompile Include="core\emitterutils.cpp">
      <Filter>Source Files\core</Filter>
    </ClCompile>
    <ClCompile Include="core\environment.cpp">
      <Filter>Source Files\core</Filter>
    </ClCompile>
    <ClCompile Include="core\errorhandler.cpp">
      <Filter>Source Files\core</Filter>
    </ClCompile>
    <ClCompile Include="core\formatter.cpp">
      <Filter>Source Files\core</Filter>
    </ClCompile>
    <ClCompile Include="core\globals.cpp">
      <Filter>Source Files\core</Filter>
    </ClCompile>
    <ClCompile Include="core\logger.cpp">
      <Filter>Source Files\core</Filter>
    </ClCompile>
    <ClCompile Include="core\operand.cpp">
      <Filter>Source Files\core</Filter>
    </ClCompile>
    <ClCompile Include="core\string.cpp">
      <Filter>Source Files\core</Filter>
    </ClCompile>
    <ClCompile Include="core\zone.cpp">
      <Filter>Source Files\core</Filter>
    </ClCompile>
    <ClCompile Include="core\zonevector.cpp">
      <Filter>Source Files\core</Filter>
    </ClCompile>
    <ClCompile Include="x86\x86assembler.cpp">
      <Filter>Source Files\x86</Filter>
    </ClCompile>
    <ClCompile Include="x86\x86emitter.cpp">
      <Filter>Source Files\x86</Filter>
    </ClCompile>
    <ClCompile Include="x86\x86operand.cpp">
      <Filter>Source Files\x86</Filter>
    </ClCompile>
    <ClCompile Include="x86\x86emithelper.cpp">
      <Filter>Source Files\x86</Filter>
    </ClCompile>
  </ItemGroup>
</Project>